
Microsoft Visual Studio Solution File, Format Version 12.00
# Visual Studio 15
VisualStudioVersion = 15.0.26606.0
MinimumVisualStudioVersion = 10.0.40219.1
Project("{2150E333-8FDC-42A3-9474-1A3956D46DE8}") = "src", "src", "{2B32F480-DA8D-4785-B086-29A688EE67E8}"
EndProject
Project("{2150E333-8FDC-42A3-9474-1A3956D46DE8}") = "Solution Items", "Solution Items", "{D61ED28A-E699-44BD-8319-225967875392}"
EndProject
Project("{9A19103F-16F7-4668-BE54-9A1E7A4F7556}") = "ElasticSearchGetAllIds", "src\ElasticSearchGetAllIds\ElasticSearchGetAllIds.csproj", "{0EB92161-30F1-4614-B868-AE1A279D2E73}"
EndProject
Global
	GlobalSection(SolutionConfigurationPlatforms) = preSolution
		Debug|Any CPU = Debug|Any CPU
		Release|Any CPU = Release|Any CPU
	EndGlobalSection
	GlobalSection(ProjectConfigurationPlatforms) = postSolution
		{0EB92161-30F1-4614-B868-AE1A279D2E73}.Debug|Any CPU.ActiveCfg = Debug|Any CPU
		{0EB92161-30F1-4614-B868-AE1A279D2E73}.Debug|Any CPU.Build.0 = Debug|Any CPU
		{0EB92161-30F1-4614-B868-AE1A279D2E73}.Release|Any CPU.ActiveCfg = Release|Any CPU
		{0EB92161-30F1-4614-B868-AE1A279D2E73}.Release|Any CPU.Build.0 = Release|Any CPU
	EndGlobalSection
	GlobalSection(SolutionProperties) = preSolution
		HideSolutionNode = FALSE
	EndGlobalSection
	GlobalSection(NestedProjects) = preSolution
		{0EB92161-30F1-4614-B868-AE1A279D2E73} = {2B32F480-DA8D-4785-B086-29A688EE67E8}
	EndGlobalSection
EndGlobal
